Microsoft Visual Studio Solution File, Format Version 12.00
# Visual Studio Version 17
VisualStudioVersion = 17.5.2.0
MinimumVisualStudioVersion = 10.0.40219.1
Project("{FAE04EC0-301F-11D3-BF4B-00C04F79EFBC}") = "JIME_TTS_MOD", "JIME_TTS_MOD.csproj", "{B11F1AB9-F97A-ACCE-E1F9-1917B10FD8CC}"
EndProject
Global
	GlobalSection(SolutionConfigurationPlatforms) = preSolution
		Debug|Any CPU = Debug|Any CPU
		Release|Any CPU = Release|Any CPU
	EndGlobalSection
	GlobalSection(ProjectConfigurationPlatforms) = postSolution
		{B11F1AB9-F97A-ACCE-E1F9-1917B10FD8CC}.Debug|Any CPU.ActiveCfg = Debug|Any CPU
		{B11F1AB9-F97A-ACCE-E1F9-1917B10FD8CC}.Debug|Any CPU.Build.0 = Debug|Any CPU
		{B11F1AB9-F97A-ACCE-E1F9-1917B10FD8CC}.Release|Any CPU.ActiveCfg = Release|Any CPU
		{B11F1AB9-F97A-ACCE-E1F9-1917B10FD8CC}.Release|Any CPU.Build.0 = Release|Any CPU
	EndGlobalSection
	GlobalSection(SolutionProperties) = preSolution
		HideSolutionNode = FALSE
	EndGlobalSection
	GlobalSection(ExtensibilityGlobals) = postSolution
		SolutionGuid = {73004190-0AC9-41D3-9384-3221704CE583}
	EndGlobalSection
EndGlobal
